
Microsoft Visual Studio Solution File, Format Version 12.00
# Visual Studio 15
VisualStudioVersion = 15.0.27130.2024
MinimumVisualStudioVersion = 10.0.40219.1
Project("{2150E333-8FDC-42A3-9474-1A3956D46DE8}") = "Release 1-2", "Release 1-2", "{275DF0BB-0084-4155-B4E8-2E8AC1FAD2BC}"
EndProject
Project("{FAE04EC0-301F-11D3-BF4B-00C04F79EFBC}") = "ImageProcessor-Core-Release1", "Release 1\ImageProcessor-Core-Release1\ImageProcessor-Core-Release1.csproj", "{CF7F636E-1C2A-4786-8AEE-FA0E60ABB6CD}"
EndProject
Project("{2150E333-8FDC-42A3-9474-1A3956D46DE8}") = "Release 3", "Release 3", "{8CD32653-0B19-4B42-9BC0-5A4363D04704}"
EndProject
Project("{9A19103F-16F7-4668-BE54-9A1E7A4F7556}") = "ImageProcessor-Core-Release2", "Release 1\ImageProcessor-Core-Release2\ImageProcessor-Core-Release2.csproj", "{588B3C2A-8851-430C-9BC5-CA99966AB204}"
EndProject
Project("{2150E333-8FDC-42A3-9474-1A3956D46DE8}") = "Nugets", "Nugets", "{E2D67083-9991-4888-BDBE-D82A6360DA15}"
EndProject
Project("{2150E333-8FDC-42A3-9474-1A3956D46DE8}") = "Enums", "Enums", "{36A60CCA-B70F-4E95-BBF1-E6780BA0B56F}"
EndProject
Project("{2150E333-8FDC-42A3-9474-1A3956D46DE8}") = "Contracts", "Contracts", "{508CCE60-9B4F-425B-8BE2-FF57A8887F33}"
EndProject
Project("{2150E333-8FDC-42A3-9474-1A3956D46DE8}") = "Implementations", "Implementations", "{16BE19CF-F62B-4B8D-8A8E-7A63CA4B0382}"
EndProject
Project("{2150E333-8FDC-42A3-9474-1A3956D46DE8}") = "IoC", "IoC", "{36F4619F-02B9-4280-A7C6-838993967927}"
EndProject
Project("{9A19103F-16F7-4668-BE54-9A1E7A4F7556}") = "ImageProcessingContracts", "Release 3\Contracts\ImageProcessingContracts\ImageProcessingContracts.csproj", "{C6B38B18-33EA-4229-99ED-5FD523E504A5}"
EndProject
Project("{9A19103F-16F7-4668-BE54-9A1E7A4F7556}") = "LogicContracs", "Release 3\Contracts\LogicContracs\LogicContracs.csproj", "{736A80C3-1186-49CF-B2D5-CD82EC85F2A9}"
EndProject
Project("{2150E333-8FDC-42A3-9474-1A3956D46DE8}") = "Tests", "Tests", "{E93094DF-F8A6-4B66-BBD5-7436B8708786}"
EndProject
Project("{9A19103F-16F7-4668-BE54-9A1E7A4F7556}") = "Enums", "Release 3\Enums\Enums.csproj", "{EC20D6D4-403A-45F8-87EF-EF60BE07D21A}"
EndProject
Project("{2150E333-8FDC-42A3-9474-1A3956D46DE8}") = "Providers", "Providers", "{D7756BD0-5B65-48C0-8AFD-AAEBB6CCC725}"
EndProject
Project("{9A19103F-16F7-4668-BE54-9A1E7A4F7556}") = "ImageProcessorProviderImageSharp", "Release 3\Implementations\Providers\ImageProcessorProviderImageSharp\ImageProcessorProviderImageSharp.csproj", "{AC23F57F-932E-4D00-8F55-4D5270DBD946}"
EndProject
Project("{9A19103F-16F7-4668-BE54-9A1E7A4F7556}") = "ImageProcessorModule", "Release 3\Implementations\ImageProcessorModule\ImageProcessorModule.csproj", "{EB2C317C-A4FF-4092-BE3C-20F2545EDB84}"
EndProject
Project("{9A19103F-16F7-4668-BE54-9A1E7A4F7556}") = "LogicModule", "Release 3\Implementations\LogicModule\LogicModule.csproj", "{515BC6E8-8733-438A-997B-B49BA29805FB}"
EndProject
Project("{9A19103F-16F7-4668-BE54-9A1E7A4F7556}") = "CommandLineParser", "Release 3\Nugets\CommandLineParser\CommandLineParser.csproj", "{9BB6055A-3CF7-4F1F-A632-38BFDA1D8FB1}"
EndProject
Project("{9A19103F-16F7-4668-BE54-9A1E7A4F7556}") = "Host", "Release 3\Host\Host.csproj", "{A4BE2CC1-25B9-4EDF-9C9C-B9CCC9B0C897}"
EndProject
Global
	GlobalSection(SolutionConfigurationPlatforms) = preSolution
		Debug|Any CPU = Debug|Any CPU
		Debug|ARM = Debug|ARM
		Debug|x64 = Debug|x64
		Debug|x86 = Debug|x86
		Release|Any CPU = Release|Any CPU
		Release|ARM = Release|ARM
		Release|x64 = Release|x64
		Release|x86 = Release|x86
	EndGlobalSection
	GlobalSection(ProjectConfigurationPlatforms) = postSolution
		{CF7F636E-1C2A-4786-8AEE-FA0E60ABB6CD}.Debug|Any CPU.ActiveCfg = Debug|Any CPU
		{CF7F636E-1C2A-4786-8AEE-FA0E60ABB6CD}.Debug|Any CPU.Build.0 = Debug|Any CPU
		{CF7F636E-1C2A-4786-8AEE-FA0E60ABB6CD}.Debug|ARM.ActiveCfg = Debug|Any CPU
		{CF7F636E-1C2A-4786-8AEE-FA0E60ABB6CD}.Debug|ARM.Build.0 = Debug|Any CPU
		{CF7F636E-1C2A-4786-8AEE-FA0E60ABB6CD}.Debug|x64.ActiveCfg = Debug|Any CPU
		{CF7F636E-1C2A-4786-8AEE-FA0E60ABB6CD}.Debug|x64.Build.0 = Debug|Any CPU
		{CF7F636E-1C2A-4786-8AEE-FA0E60ABB6CD}.Debug|x86.ActiveCfg = Debug|Any CPU
		{CF7F636E-1C2A-4786-8AEE-FA0E60ABB6CD}.Debug|x86.Build.0 = Debug|Any CPU
		{CF7F636E-1C2A-4786-8AEE-FA0E60ABB6CD}.Release|Any CPU.ActiveCfg = Release|Any CPU
		{CF7F636E-1C2A-4786-8AEE-FA0E60ABB6CD}.Release|Any CPU.Build.0 = Release|Any CPU
		{CF7F636E-1C2A-4786-8AEE-FA0E60ABB6CD}.Release|ARM.ActiveCfg = Release|Any CPU
		{CF7F636E-1C2A-4786-8AEE-FA0E60ABB6CD}.Release|ARM.Build.0 = Release|Any CPU
		{CF7F636E-1C2A-4786-8AEE-FA0E60ABB6CD}.Release|x64.ActiveCfg = Release|Any CPU
		{CF7F636E-1C2A-4786-8AEE-FA0E60ABB6CD}.Release|x64.Build.0 = Release|Any CPU
		{CF7F636E-1C2A-4786-8AEE-FA0E60ABB6CD}.Release|x86.ActiveCfg = Release|Any CPU
		{CF7F636E-1C2A-4786-8AEE-FA0E60ABB6CD}.Release|x86.Build.0 = Release|Any CPU
		{588B3C2A-8851-430C-9BC5-CA99966AB204}.Debug|Any CPU.ActiveCfg = Debug|Any CPU
		{588B3C2A-8851-430C-9BC5-CA99966AB204}.Debug|Any CPU.Build.0 = Debug|Any CPU
		{588B3C2A-8851-430C-9BC5-CA99966AB204}.Debug|ARM.ActiveCfg = Debug|Any CPU
		{588B3C2A-8851-430C-9BC5-CA99966AB204}.Debug|ARM.Build.0 = Debug|Any CPU
		{588B3C2A-8851-430C-9BC5-CA99966AB204}.Debug|x64.ActiveCfg = Debug|Any CPU
		{588B3C2A-8851-430C-9BC5-CA99966AB204}.Debug|x64.Build.0 = Debug|Any CPU
		{588B3C2A-8851-430C-9BC5-CA99966AB204}.Debug|x86.ActiveCfg = Debug|Any CPU
		{588B3C2A-8851-430C-9BC5-CA99966AB204}.Debug|x86.Build.0 = Debug|Any CPU
		{588B3C2A-8851-430C-9BC5-CA99966AB204}.Release|Any CPU.ActiveCfg = Release|Any CPU
		{588B3C2A-8851-430C-9BC5-CA99966AB204}.Release|Any CPU.Build.0 = Release|Any CPU
		{588B3C2A-8851-430C-9BC5-CA99966AB204}.Release|ARM.ActiveCfg = Release|Any CPU
		{588B3C2A-8851-430C-9BC5-CA99966AB204}.Release|ARM.Build.0 = Release|Any CPU
		{588B3C2A-8851-430C-9BC5-CA99966AB204}.Release|x64.ActiveCfg = Release|Any CPU
		{588B3C2A-8851-430C-9BC5-CA99966AB204}.Release|x64.Build.0 = Release|Any CPU
		{588B3C2A-8851-430C-9BC5-CA99966AB204}.Release|x86.ActiveCfg = Release|Any CPU
		{588B3C2A-8851-430C-9BC5-CA99966AB204}.Release|x86.Build.0 = Release|Any CPU
		{C6B38B18-33EA-4229-99ED-5FD523E504A5}.Debug|Any CPU.ActiveCfg = Debug|Any CPU
		{C6B38B18-33EA-4229-99ED-5FD523E504A5}.Debug|Any CPU.Build.0 = Debug|Any CPU
		{C6B38B18-33EA-4229-99ED-5FD523E504A5}.Debug|ARM.ActiveCfg = Debug|Any CPU
		{C6B38B18-33EA-4229-99ED-5FD523E504A5}.Debug|ARM.Build.0 = Debug|Any CPU
		{C6B38B18-33EA-4229-99ED-5FD523E504A5}.Debug|x64.ActiveCfg = Debug|Any CPU
		{C6B38B18-33EA-4229-99ED-5FD523E504A5}.Debug|x64.Build.0 = Debug|Any CPU
		{C6B38B18-33EA-4229-99ED-5FD523E504A5}.Debug|x86.ActiveCfg = Debug|Any CPU
		{C6B38B18-33EA-4229-99ED-5FD523E504A5}.Debug|x86.Build.0 = Debug|Any CPU
		{C6B38B18-33EA-4229-99ED-5FD523E504A5}.Release|Any CPU.ActiveCfg = Release|Any CPU
		{C6B38B18-33EA-4229-99ED-5FD523E504A5}.Release|Any CPU.Build.0 = Release|Any CPU
		{C6B38B18-33EA-4229-99ED-5FD523E504A5}.Release|ARM.ActiveCfg = Release|Any CPU
		{C6B38B18-33EA-4229-99ED-5FD523E504A5}.Release|ARM.Build.0 = Release|Any CPU
		{C6B38B18-33EA-4229-99ED-5FD523E504A5}.Release|x64.ActiveCfg = Release|Any CPU
		{C6B38B18-33EA-4229-99ED-5FD523E504A5}.Release|x64.Build.0 = Release|Any CPU
		{C6B38B18-33EA-4229-99ED-5FD523E504A5}.Release|x86.ActiveCfg = Release|Any CPU
		{C6B38B18-33EA-4229-99ED-5FD523E504A5}.Release|x86.Build.0 = Release|Any CPU
		{736A80C3-1186-49CF-B2D5-CD82EC85F2A9}.Debug|Any CPU.ActiveCfg = Debug|Any CPU
		{736A80C3-1186-49CF-B2D5-CD82EC85F2A9}.Debug|Any CPU.Build.0 = Debug|Any CPU
		{736A80C3-1186-49CF-B2D5-CD82EC85F2A9}.Debug|ARM.ActiveCfg = Debug|Any CPU
		{736A80C3-1186-49CF-B2D5-CD82EC85F2A9}.Debug|ARM.Build.0 = Debug|Any CPU
		{736A80C3-1186-49CF-B2D5-CD82EC85F2A9}.Debug|x64.ActiveCfg = Debug|Any CPU
		{736A80C3-1186-49CF-B2D5-CD82EC85F2A9}.Debug|x64.Build.0 = Debug|Any CPU
		{736A80C3-1186-49CF-B2D5-CD82EC85F2A9}.Debug|x86.ActiveCfg = Debug|Any CPU
		{736A80C3-1186-49CF-B2D5-CD82EC85F2A9}.Debug|x86.Build.0 = Debug|Any CPU
		{736A80C3-1186-49CF-B2D5-CD82EC85F2A9}.Release|Any CPU.ActiveCfg = Release|Any CPU
		{736A80C3-1186-49CF-B2D5-CD82EC85F2A9}.Release|Any CPU.Build.0 = Release|Any CPU
		{736A80C3-1186-49CF-B2D5-CD82EC85F2A9}.Release|ARM.ActiveCfg = Release|Any CPU
		{736A80C3-1186-49CF-B2D5-CD82EC85F2A9}.Release|ARM.Build.0 = Release|Any CPU
		{736A80C3-1186-49CF-B2D5-CD82EC85F2A9}.Release|x64.ActiveCfg = Release|Any CPU
		{736A80C3-1186-49CF-B2D5-CD82EC85F2A9}.Release|x64.Build.0 = Release|Any CPU
		{736A80C3-1186-49CF-B2D5-CD82EC85F2A9}.Release|x86.ActiveCfg = Release|Any CPU
		{736A80C3-1186-49CF-B2D5-CD82EC85F2A9}.Release|x86.Build.0 = Release|Any CPU
		{EC20D6D4-403A-45F8-87EF-EF60BE07D21A}.Debug|Any CPU.ActiveCfg = Debug|Any CPU
		{EC20D6D4-403A-45F8-87EF-EF60BE07D21A}.Debug|Any CPU.Build.0 = Debug|Any CPU
		{EC20D6D4-403A-45F8-87EF-EF60BE07D21A}.Debug|ARM.ActiveCfg = Debug|Any CPU
		{EC20D6D4-403A-45F8-87EF-EF60BE07D21A}.Debug|ARM.Build.0 = Debug|Any CPU
		{EC20D6D4-403A-45F8-87EF-EF60BE07D21A}.Debug|x64.ActiveCfg = Debug|Any CPU
		{EC20D6D4-403A-45F8-87EF-EF60BE07D21A}.Debug|x64.Build.0 = Debug|Any CPU
		{EC20D6D4-403A-45F8-87EF-EF60BE07D21A}.Debug|x86.ActiveCfg = Debug|Any CPU
		{EC20D6D4-403A-45F8-87EF-EF60BE07D21A}.Debug|x86.Build.0 = Debug|Any CPU
		{EC20D6D4-403A-45F8-87EF-EF60BE07D21A}.Release|Any CPU.ActiveCfg = Release|Any CPU
		{EC20D6D4-403A-45F8-87EF-EF60BE07D21A}.Release|Any CPU.Build.0 = Release|Any CPU
		{EC20D6D4-403A-45F8-87EF-EF60BE07D21A}.Release|ARM.ActiveCfg = Release|Any CPU
		{EC20D6D4-403A-45F8-87EF-EF60BE07D21A}.Release|ARM.Build.0 = Release|Any CPU
		{EC20D6D4-403A-45F8-87EF-EF60BE07D21A}.Release|x64.ActiveCfg = Release|Any CPU
		{EC20D6D4-403A-45F8-87EF-EF60BE07D21A}.Release|x64.Build.0 = Release|Any CPU
		{EC20D6D4-403A-45F8-87EF-EF60BE07D21A}.Release|x86.ActiveCfg = Release|Any CPU
		{EC20D6D4-403A-45F8-87EF-EF60BE07D21A}.Release|x86.Build.0 = Release|Any CPU
		{AC23F57F-932E-4D00-8F55-4D5270DBD946}.Debug|Any CPU.ActiveCfg = Debug|Any CPU
		{AC23F57F-932E-4D00-8F55-4D5270DBD946}.Debug|Any CPU.Build.0 = Debug|Any CPU
		{AC23F57F-932E-4D00-8F55-4D5270DBD946}.Debug|ARM.ActiveCfg = Debug|Any CPU
		{AC23F57F-932E-4D00-8F55-4D5270DBD946}.Debug|ARM.Build.0 = Debug|Any CPU
		{AC23F57F-932E-4D00-8F55-4D5270DBD946}.Debug|x64.ActiveCfg = Debug|Any CPU
		{AC23F57F-932E-4D00-8F55-4D5270DBD946}.Debug|x64.Build.0 = Debug|Any CPU
		{AC23F57F-932E-4D00-8F55-4D5270DBD946}.Debug|x86.ActiveCfg = Debug|Any CPU
		{AC23F57F-932E-4D00-8F55-4D5270DBD946}.Debug|x86.Build.0 = Debug|Any CPU
		{AC23F57F-932E-4D00-8F55-4D5270DBD946}.Release|Any CPU.ActiveCfg = Release|Any CPU
		{AC23F57F-932E-4D00-8F55-4D5270DBD946}.Release|Any CPU.Build.0 = Release|Any CPU
		{AC23F57F-932E-4D00-8F55-4D5270DBD946}.Release|ARM.ActiveCfg = Release|Any CPU
		{AC23F57F-932E-4D00-8F55-4D5270DBD946}.Release|ARM.Build.0 = Release|Any CPU
		{AC23F57F-932E-4D00-8F55-4D5270DBD946}.Release|x64.ActiveCfg = Release|Any CPU
		{AC23F57F-932E-4D00-8F55-4D5270DBD946}.Release|x64.Build.0 = Release|Any CPU
		{AC23F57F-932E-4D00-8F55-4D5270DBD946}.Release|x86.ActiveCfg = Release|Any CPU
		{AC23F57F-932E-4D00-8F55-4D5270DBD946}.Release|x86.Build.0 = Release|Any CPU
		{EB2C317C-A4FF-4092-BE3C-20F2545EDB84}.Debug|Any CPU.ActiveCfg = Debug|Any CPU
		{EB2C317C-A4FF-4092-BE3C-20F2545EDB84}.Debug|Any CPU.Build.0 = Debug|Any CPU
		{EB2C317C-A4FF-4092-BE3C-20F2545EDB84}.Debug|ARM.ActiveCfg = Debug|Any CPU
		{EB2C317C-A4FF-4092-BE3C-20F2545EDB84}.Debug|ARM.Build.0 = Debug|Any CPU
		{EB2C317C-A4FF-4092-BE3C-20F2545EDB84}.Debug|x64.ActiveCfg = Debug|Any CPU
		{EB2C317C-A4FF-4092-BE3C-20F2545EDB84}.Debug|x64.Build.0 = Debug|Any CPU
		{EB2C317C-A4FF-4092-BE3C-20F2545EDB84}.Debug|x86.ActiveCfg = Debug|Any CPU
		{EB2C317C-A4FF-4092-BE3C-20F2545EDB84}.Debug|x86.Build.0 = Debug|Any CPU
		{EB2C317C-A4FF-4092-BE3C-20F2545EDB84}.Release|Any CPU.ActiveCfg = Release|Any CPU
		{EB2C317C-A4FF-4092-BE3C-20F2545EDB84}.Release|Any CPU.Build.0 = Release|Any CPU
		{EB2C317C-A4FF-4092-BE3C-20F2545EDB84}.Release|ARM.ActiveCfg = Release|Any CPU
		{EB2C317C-A4FF-4092-BE3C-20F2545EDB84}.Release|ARM.Build.0 = Release|Any CPU
		{EB2C317C-A4FF-4092-BE3C-20F2545EDB84}.Release|x64.ActiveCfg = Release|Any CPU
		{EB2C317C-A4FF-4092-BE3C-20F2545EDB84}.Release|x64.Build.0 = Release|Any CPU
		{EB2C317C-A4FF-4092-BE3C-20F2545EDB84}.Release|x86.ActiveCfg = Release|Any CPU
		{EB2C317C-A4FF-4092-BE3C-20F2545EDB84}.Release|x86.Build.0 = Release|Any CPU
		{515BC6E8-8733-438A-997B-B49BA29805FB}.Debug|Any CPU.ActiveCfg = Debug|Any CPU
		{515BC6E8-8733-438A-997B-B49BA29805FB}.Debug|Any CPU.Build.0 = Debug|Any CPU
		{515BC6E8-8733-438A-997B-B49BA29805FB}.Debug|ARM.ActiveCfg = Debug|Any CPU
		{515BC6E8-8733-438A-997B-B49BA29805FB}.Debug|ARM.Build.0 = Debug|Any CPU
		{515BC6E8-8733-438A-997B-B49BA29805FB}.Debug|x64.ActiveCfg = Debug|Any CPU
		{515BC6E8-8733-438A-997B-B49BA29805FB}.Debug|x64.Build.0 = Debug|Any CPU
		{515BC6E8-8733-438A-997B-B49BA29805FB}.Debug|x86.ActiveCfg = Debug|Any CPU
		{515BC6E8-8733-438A-997B-B49BA29805FB}.Debug|x86.Build.0 = Debug|Any CPU
		{515BC6E8-8733-438A-997B-B49BA29805FB}.Release|Any CPU.ActiveCfg = Release|Any CPU
		{515BC6E8-8733-438A-997B-B49BA29805FB}.Release|Any CPU.Build.0 = Release|Any CPU
		{515BC6E8-8733-438A-997B-B49BA29805FB}.Release|ARM.ActiveCfg = Release|Any CPU
		{515BC6E8-8733-438A-997B-B49BA29805FB}.Release|ARM.Build.0 = Release|Any CPU
		{515BC6E8-8733-438A-997B-B49BA29805FB}.Release|x64.ActiveCfg = Release|Any CPU
		{515BC6E8-8733-438A-997B-B49BA29805FB}.Release|x64.Build.0 = Release|Any CPU
		{515BC6E8-8733-438A-997B-B49BA29805FB}.Release|x86.ActiveCfg = Release|Any CPU
		{515BC6E8-8733-438A-997B-B49BA29805FB}.Release|x86.Build.0 = Release|Any CPU
		{9BB6055A-3CF7-4F1F-A632-38BFDA1D8FB1}.Debug|Any CPU.ActiveCfg = Debug|Any CPU
		{9BB6055A-3CF7-4F1F-A632-38BFDA1D8FB1}.Debug|Any CPU.Build.0 = Debug|Any CPU
		{9BB6055A-3CF7-4F1F-A632-38BFDA1D8FB1}.Debug|ARM.ActiveCfg = Debug|Any CPU
		{9BB6055A-3CF7-4F1F-A632-38BFDA1D8FB1}.Debug|ARM.Build.0 = Debug|Any CPU
		{9BB6055A-3CF7-4F1F-A632-38BFDA1D8FB1}.Debug|x64.ActiveCfg = Debug|Any CPU
		{9BB6055A-3CF7-4F1F-A632-38BFDA1D8FB1}.Debug|x64.Build.0 = Debug|Any CPU
		{9BB6055A-3CF7-4F1F-A632-38BFDA1D8FB1}.Debug|x86.ActiveCfg = Debug|Any CPU
		{9BB6055A-3CF7-4F1F-A632-38BFDA1D8FB1}.Debug|x86.Build.0 = Debug|Any CPU
		{9BB6055A-3CF7-4F1F-A632-38BFDA1D8FB1}.Release|Any CPU.ActiveCfg = Release|Any CPU
		{9BB6055A-3CF7-4F1F-A632-38BFDA1D8FB1}.Release|Any CPU.Build.0 = Release|Any CPU
		{9BB6055A-3CF7-4F1F-A632-38BFDA1D8FB1}.Release|ARM.ActiveCfg = Release|Any CPU
		{9BB6055A-3CF7-4F1F-A632-38BFDA1D8FB1}.Release|ARM.Build.0 = Release|Any CPU
		{9BB6055A-3CF7-4F1F-A632-38BFDA1D8FB1}.Release|x64.ActiveCfg = Release|Any CPU
		{9BB6055A-3CF7-4F1F-A632-38BFDA1D8FB1}.Release|x64.Build.0 = Release|Any CPU
		{9BB6055A-3CF7-4F1F-A632-38BFDA1D8FB1}.Release|x86.ActiveCfg = Release|Any CPU
		{9BB6055A-3CF7-4F1F-A632-38BFDA1D8FB1}.Release|x86.Build.0 = Release|Any CPU
		{A4BE2CC1-25B9-4EDF-9C9C-B9CCC9B0C897}.Debug|Any CPU.ActiveCfg = Debug|Any CPU
		{A4BE2CC1-25B9-4EDF-9C9C-B9CCC9B0C897}.Debug|Any CPU.Build.0 = Debug|Any CPU
		{A4BE2CC1-25B9-4EDF-9C9C-B9CCC9B0C897}.Debug|ARM.ActiveCfg = Debug|Any CPU
		{A4BE2CC1-25B9-4EDF-9C9C-B9CCC9B0C897}.Debug|ARM.Build.0 = Debug|Any CPU
		{A4BE2CC1-25B9-4EDF-9C9C-B9CCC9B0C897}.Debug|x64.ActiveCfg = Debug|Any CPU
		{A4BE2CC1-25B9-4EDF-9C9C-B9CCC9B0C897}.Debug|x64.Build.0 = Debug|Any CPU
		{A4BE2CC1-25B9-4EDF-9C9C-B9CCC9B0C897}.Debug|x86.ActiveCfg = Debug|Any CPU
		{A4BE2CC1-25B9-4EDF-9C9C-B9CCC9B0C897}.Debug|x86.Build.0 = Debug|Any CPU
		{A4BE2CC1-25B9-4EDF-9C9C-B9CCC9B0C897}.Release|Any CPU.ActiveCfg = Release|Any CPU
		{A4BE2CC1-25B9-4EDF-9C9C-B9CCC9B0C897}.Release|Any CPU.Build.0 = Release|Any CPU
		{A4BE2CC1-25B9-4EDF-9C9C-B9CCC9B0C897}.Release|ARM.ActiveCfg = Release|Any CPU
		{A4BE2CC1-25B9-4EDF-9C9C-B9CCC9B0C897}.Release|ARM.Build.0 = Release|Any CPU
		{A4BE2CC1-25B9-4EDF-9C9C-B9CCC9B0C897}.Release|x64.ActiveCfg = Release|Any CPU
		{A4BE2CC1-25B9-4EDF-9C9C-B9CCC9B0C897}.Release|x64.Build.0 = Release|Any CPU
		{A4BE2CC1-25B9-4EDF-9C9C-B9CCC9B0C897}.Release|x86.ActiveCfg = Release|Any CPU
		{A4BE2CC1-25B9-4EDF-9C9C-B9CCC9B0C897}.Release|x86.Build.0 = Release|Any CPU
	EndGlobalSection
	GlobalSection(SolutionProperties) = preSolution
		HideSolutionNode = FALSE
	EndGlobalSection
	GlobalSection(NestedProjects) = preSolution
		{CF7F636E-1C2A-4786-8AEE-FA0E60ABB6CD} = {275DF0BB-0084-4155-B4E8-2E8AC1FAD2BC}
		{588B3C2A-8851-430C-9BC5-CA99966AB204} = {275DF0BB-0084-4155-B4E8-2E8AC1FAD2BC}
		{E2D67083-9991-4888-BDBE-D82A6360DA15} = {8CD32653-0B19-4B42-9BC0-5A4363D04704}
		{36A60CCA-B70F-4E95-BBF1-E6780BA0B56F} = {36F4619F-02B9-4280-A7C6-838993967927}
		{508CCE60-9B4F-425B-8BE2-FF57A8887F33} = {36F4619F-02B9-4280-A7C6-838993967927}
		{16BE19CF-F62B-4B8D-8A8E-7A63CA4B0382} = {36F4619F-02B9-4280-A7C6-838993967927}
		{36F4619F-02B9-4280-A7C6-838993967927} = {8CD32653-0B19-4B42-9BC0-5A4363D04704}
		{C6B38B18-33EA-4229-99ED-5FD523E504A5} = {508CCE60-9B4F-425B-8BE2-FF57A8887F33}
		{736A80C3-1186-49CF-B2D5-CD82EC85F2A9} = {508CCE60-9B4F-425B-8BE2-FF57A8887F33}
		{E93094DF-F8A6-4B66-BBD5-7436B8708786} = {36F4619F-02B9-4280-A7C6-838993967927}
		{EC20D6D4-403A-45F8-87EF-EF60BE07D21A} = {36A60CCA-B70F-4E95-BBF1-E6780BA0B56F}
		{D7756BD0-5B65-48C0-8AFD-AAEBB6CCC725} = {16BE19CF-F62B-4B8D-8A8E-7A63CA4B0382}
		{AC23F57F-932E-4D00-8F55-4D5270DBD946} = {D7756BD0-5B65-48C0-8AFD-AAEBB6CCC725}
		{EB2C317C-A4FF-4092-BE3C-20F2545EDB84} = {16BE19CF-F62B-4B8D-8A8E-7A63CA4B0382}
		{515BC6E8-8733-438A-997B-B49BA29805FB} = {16BE19CF-F62B-4B8D-8A8E-7A63CA4B0382}
		{9BB6055A-3CF7-4F1F-A632-38BFDA1D8FB1} = {E2D67083-9991-4888-BDBE-D82A6360DA15}
		{A4BE2CC1-25B9-4EDF-9C9C-B9CCC9B0C897} = {36F4619F-02B9-4280-A7C6-838993967927}
	EndGlobalSection
	GlobalSection(ExtensibilityGlobals) = postSolution
		SolutionGuid = {0AFD0A9C-B053-4CE0-8907-9D0320E02836}
	EndGlobalSection
EndGlobal
