
Microsoft Visual Studio Solution File, Format Version 12.00
# Visual Studio 15
VisualStudioVersion = 15.0.27130.2024
MinimumVisualStudioVersion = 10.0.40219.1
Project("{2150E333-8FDC-42A3-9474-1A3956D46DE8}") = "Release 1-2", "Release 1-2", "{275DF0BB-0084-4155-B4E8-2E8AC1FAD2BC}"
EndProject
Project("{FAE04EC0-301F-11D3-BF4B-00C04F79EFBC}") = "ImageProcessor-Core-Release1", "Release 1\ImageProcessor-Core-Release1\ImageProcessor-Core-Release1.csproj", "{CF7F636E-1C2A-4786-8AEE-FA0E60ABB6CD}"
EndProject
Project("{9A19103F-16F7-4668-BE54-9A1E7A4F7556}") = "ImageProcessor-Core-Release2", "ImageProcessor-Core-Release2\ImageProcessor-Core-Release2.csproj", "{EFCCC826-99AD-42D0-ABCC-8BB56DFFE5BB}"
EndProject
Project("{2150E333-8FDC-42A3-9474-1A3956D46DE8}") = "Release 3", "Release 3", "{8CD32653-0B19-4B42-9BC0-5A4363D04704}"
EndProject
Project("{9A19103F-16F7-4668-BE54-9A1E7A4F7556}") = "Host", "Host\Host.csproj", "{E9B34FFA-ED31-42CB-8657-6E9C201D54B2}"
EndProject
Project("{9A19103F-16F7-4668-BE54-9A1E7A4F7556}") = "ImageProcessingConsoleProvider", "ImageProcessingProvider\ImageProcessingConsoleProvider.csproj", "{F4B39996-97CC-4530-8895-A0A883E92E4C}"
EndProject
Project("{2150E333-8FDC-42A3-9474-1A3956D46DE8}") = "Contracts", "Contracts", "{A1DE0E7A-D7F4-422F-BC7C-D96B63EC72F6}"
	ProjectSection(SolutionItems) = preProject
		Mutation.cs = Mutation.cs
	EndProjectSection
EndProject
Project("{9A19103F-16F7-4668-BE54-9A1E7A4F7556}") = "ImageProcessingContracts", "ImageProcessingContracts\ImageProcessingContracts.csproj", "{7330720C-C3E5-4550-893B-A98EEB0CD977}"
EndProject
Project("{2150E333-8FDC-42A3-9474-1A3956D46DE8}") = "Implementations", "Implementations", "{6084D796-24F5-4D5D-AED0-E32E7BE9776B}"
EndProject
Project("{2150E333-8FDC-42A3-9474-1A3956D46DE8}") = "Providers", "Providers", "{7D58765F-9AE6-4066-B9FB-54EE8EFB394B}"
EndProject
Project("{2150E333-8FDC-42A3-9474-1A3956D46DE8}") = "Nugets", "Nugets", "{F5DAD7A2-40A9-40E6-B273-7C634582D735}"
EndProject
Project("{9A19103F-16F7-4668-BE54-9A1E7A4F7556}") = "CommandLineParserNuget", "CommandLineParserNuget\CommandLineParserNuget.csproj", "{F4F03584-12DF-4BD1-BD94-4E38B392388F}"
EndProject
Project("{9A19103F-16F7-4668-BE54-9A1E7A4F7556}") = "LogicModule", "LogicModule\LogicModule.csproj", "{E7AA0082-F4A1-4BDA-9410-78E6A9350702}"
EndProject
Project("{9A19103F-16F7-4668-BE54-9A1E7A4F7556}") = "LogicContracs", "LogicContracs\LogicContracs.csproj", "{BDF23E8B-4C50-4D0A-993A-A354A5B6B094}"
EndProject
Project("{9A19103F-16F7-4668-BE54-9A1E7A4F7556}") = "ProcessImageModule", "ProcessImageModule\ProcessImageModule.csproj", "{40B572EC-5E1F-4432-922A-31474AAE2319}"
EndProject
Project("{2150E333-8FDC-42A3-9474-1A3956D46DE8}") = "Testing", "Testing", "{A50ECD75-D68B-4739-9330-45626E1E85E8}"
EndProject
Project("{FAE04EC0-301F-11D3-BF4B-00C04F79EFBC}") = "LogicTests", "LogicTests\LogicTests.csproj", "{A16C7678-6D6F-43B2-9DFC-1B0875593514}"
EndProject
Global
	GlobalSection(SolutionConfigurationPlatforms) = preSolution
		Debug|Any CPU = Debug|Any CPU
		Debug|ARM = Debug|ARM
		Debug|x64 = Debug|x64
		Debug|x86 = Debug|x86
		Release|Any CPU = Release|Any CPU
		Release|ARM = Release|ARM
		Release|x64 = Release|x64
		Release|x86 = Release|x86
	EndGlobalSection
	GlobalSection(ProjectConfigurationPlatforms) = postSolution
		{CF7F636E-1C2A-4786-8AEE-FA0E60ABB6CD}.Debug|Any CPU.ActiveCfg = Debug|Any CPU
		{CF7F636E-1C2A-4786-8AEE-FA0E60ABB6CD}.Debug|Any CPU.Build.0 = Debug|Any CPU
		{CF7F636E-1C2A-4786-8AEE-FA0E60ABB6CD}.Debug|ARM.ActiveCfg = Debug|Any CPU
		{CF7F636E-1C2A-4786-8AEE-FA0E60ABB6CD}.Debug|ARM.Build.0 = Debug|Any CPU
		{CF7F636E-1C2A-4786-8AEE-FA0E60ABB6CD}.Debug|x64.ActiveCfg = Debug|Any CPU
		{CF7F636E-1C2A-4786-8AEE-FA0E60ABB6CD}.Debug|x64.Build.0 = Debug|Any CPU
		{CF7F636E-1C2A-4786-8AEE-FA0E60ABB6CD}.Debug|x86.ActiveCfg = Debug|Any CPU
		{CF7F636E-1C2A-4786-8AEE-FA0E60ABB6CD}.Debug|x86.Build.0 = Debug|Any CPU
		{CF7F636E-1C2A-4786-8AEE-FA0E60ABB6CD}.Release|Any CPU.ActiveCfg = Release|Any CPU
		{CF7F636E-1C2A-4786-8AEE-FA0E60ABB6CD}.Release|Any CPU.Build.0 = Release|Any CPU
		{CF7F636E-1C2A-4786-8AEE-FA0E60ABB6CD}.Release|ARM.ActiveCfg = Release|Any CPU
		{CF7F636E-1C2A-4786-8AEE-FA0E60ABB6CD}.Release|ARM.Build.0 = Release|Any CPU
		{CF7F636E-1C2A-4786-8AEE-FA0E60ABB6CD}.Release|x64.ActiveCfg = Release|Any CPU
		{CF7F636E-1C2A-4786-8AEE-FA0E60ABB6CD}.Release|x64.Build.0 = Release|Any CPU
		{CF7F636E-1C2A-4786-8AEE-FA0E60ABB6CD}.Release|x86.ActiveCfg = Release|Any CPU
		{CF7F636E-1C2A-4786-8AEE-FA0E60ABB6CD}.Release|x86.Build.0 = Release|Any CPU
		{EFCCC826-99AD-42D0-ABCC-8BB56DFFE5BB}.Debug|Any CPU.ActiveCfg = Debug|Any CPU
		{EFCCC826-99AD-42D0-ABCC-8BB56DFFE5BB}.Debug|Any CPU.Build.0 = Debug|Any CPU
		{EFCCC826-99AD-42D0-ABCC-8BB56DFFE5BB}.Debug|ARM.ActiveCfg = Debug|Any CPU
		{EFCCC826-99AD-42D0-ABCC-8BB56DFFE5BB}.Debug|ARM.Build.0 = Debug|Any CPU
		{EFCCC826-99AD-42D0-ABCC-8BB56DFFE5BB}.Debug|x64.ActiveCfg = Debug|Any CPU
		{EFCCC826-99AD-42D0-ABCC-8BB56DFFE5BB}.Debug|x64.Build.0 = Debug|Any CPU
		{EFCCC826-99AD-42D0-ABCC-8BB56DFFE5BB}.Debug|x86.ActiveCfg = Debug|Any CPU
		{EFCCC826-99AD-42D0-ABCC-8BB56DFFE5BB}.Debug|x86.Build.0 = Debug|Any CPU
		{EFCCC826-99AD-42D0-ABCC-8BB56DFFE5BB}.Release|Any CPU.ActiveCfg = Release|Any CPU
		{EFCCC826-99AD-42D0-ABCC-8BB56DFFE5BB}.Release|Any CPU.Build.0 = Release|Any CPU
		{EFCCC826-99AD-42D0-ABCC-8BB56DFFE5BB}.Release|ARM.ActiveCfg = Release|Any CPU
		{EFCCC826-99AD-42D0-ABCC-8BB56DFFE5BB}.Release|ARM.Build.0 = Release|Any CPU
		{EFCCC826-99AD-42D0-ABCC-8BB56DFFE5BB}.Release|x64.ActiveCfg = Release|Any CPU
		{EFCCC826-99AD-42D0-ABCC-8BB56DFFE5BB}.Release|x64.Build.0 = Release|Any CPU
		{EFCCC826-99AD-42D0-ABCC-8BB56DFFE5BB}.Release|x86.ActiveCfg = Release|Any CPU
		{EFCCC826-99AD-42D0-ABCC-8BB56DFFE5BB}.Release|x86.Build.0 = Release|Any CPU
		{E9B34FFA-ED31-42CB-8657-6E9C201D54B2}.Debug|Any CPU.ActiveCfg = Debug|Any CPU
		{E9B34FFA-ED31-42CB-8657-6E9C201D54B2}.Debug|Any CPU.Build.0 = Debug|Any CPU
		{E9B34FFA-ED31-42CB-8657-6E9C201D54B2}.Debug|ARM.ActiveCfg = Debug|Any CPU
		{E9B34FFA-ED31-42CB-8657-6E9C201D54B2}.Debug|ARM.Build.0 = Debug|Any CPU
		{E9B34FFA-ED31-42CB-8657-6E9C201D54B2}.Debug|x64.ActiveCfg = Debug|Any CPU
		{E9B34FFA-ED31-42CB-8657-6E9C201D54B2}.Debug|x64.Build.0 = Debug|Any CPU
		{E9B34FFA-ED31-42CB-8657-6E9C201D54B2}.Debug|x86.ActiveCfg = Debug|Any CPU
		{E9B34FFA-ED31-42CB-8657-6E9C201D54B2}.Debug|x86.Build.0 = Debug|Any CPU
		{E9B34FFA-ED31-42CB-8657-6E9C201D54B2}.Release|Any CPU.ActiveCfg = Release|Any CPU
		{E9B34FFA-ED31-42CB-8657-6E9C201D54B2}.Release|Any CPU.Build.0 = Release|Any CPU
		{E9B34FFA-ED31-42CB-8657-6E9C201D54B2}.Release|ARM.ActiveCfg = Release|Any CPU
		{E9B34FFA-ED31-42CB-8657-6E9C201D54B2}.Release|ARM.Build.0 = Release|Any CPU
		{E9B34FFA-ED31-42CB-8657-6E9C201D54B2}.Release|x64.ActiveCfg = Release|Any CPU
		{E9B34FFA-ED31-42CB-8657-6E9C201D54B2}.Release|x64.Build.0 = Release|Any CPU
		{E9B34FFA-ED31-42CB-8657-6E9C201D54B2}.Release|x86.ActiveCfg = Release|Any CPU
		{E9B34FFA-ED31-42CB-8657-6E9C201D54B2}.Release|x86.Build.0 = Release|Any CPU
		{F4B39996-97CC-4530-8895-A0A883E92E4C}.Debug|Any CPU.ActiveCfg = Debug|Any CPU
		{F4B39996-97CC-4530-8895-A0A883E92E4C}.Debug|Any CPU.Build.0 = Debug|Any CPU
		{F4B39996-97CC-4530-8895-A0A883E92E4C}.Debug|ARM.ActiveCfg = Debug|Any CPU
		{F4B39996-97CC-4530-8895-A0A883E92E4C}.Debug|ARM.Build.0 = Debug|Any CPU
		{F4B39996-97CC-4530-8895-A0A883E92E4C}.Debug|x64.ActiveCfg = Debug|Any CPU
		{F4B39996-97CC-4530-8895-A0A883E92E4C}.Debug|x64.Build.0 = Debug|Any CPU
		{F4B39996-97CC-4530-8895-A0A883E92E4C}.Debug|x86.ActiveCfg = Debug|Any CPU
		{F4B39996-97CC-4530-8895-A0A883E92E4C}.Debug|x86.Build.0 = Debug|Any CPU
		{F4B39996-97CC-4530-8895-A0A883E92E4C}.Release|Any CPU.ActiveCfg = Release|Any CPU
		{F4B39996-97CC-4530-8895-A0A883E92E4C}.Release|Any CPU.Build.0 = Release|Any CPU
		{F4B39996-97CC-4530-8895-A0A883E92E4C}.Release|ARM.ActiveCfg = Release|Any CPU
		{F4B39996-97CC-4530-8895-A0A883E92E4C}.Release|ARM.Build.0 = Release|Any CPU
		{F4B39996-97CC-4530-8895-A0A883E92E4C}.Release|x64.ActiveCfg = Release|Any CPU
		{F4B39996-97CC-4530-8895-A0A883E92E4C}.Release|x64.Build.0 = Release|Any CPU
		{F4B39996-97CC-4530-8895-A0A883E92E4C}.Release|x86.ActiveCfg = Release|Any CPU
		{F4B39996-97CC-4530-8895-A0A883E92E4C}.Release|x86.Build.0 = Release|Any CPU
		{7330720C-C3E5-4550-893B-A98EEB0CD977}.Debug|Any CPU.ActiveCfg = Debug|Any CPU
		{7330720C-C3E5-4550-893B-A98EEB0CD977}.Debug|Any CPU.Build.0 = Debug|Any CPU
		{7330720C-C3E5-4550-893B-A98EEB0CD977}.Debug|ARM.ActiveCfg = Debug|Any CPU
		{7330720C-C3E5-4550-893B-A98EEB0CD977}.Debug|ARM.Build.0 = Debug|Any CPU
		{7330720C-C3E5-4550-893B-A98EEB0CD977}.Debug|x64.ActiveCfg = Debug|Any CPU
		{7330720C-C3E5-4550-893B-A98EEB0CD977}.Debug|x64.Build.0 = Debug|Any CPU
		{7330720C-C3E5-4550-893B-A98EEB0CD977}.Debug|x86.ActiveCfg = Debug|Any CPU
		{7330720C-C3E5-4550-893B-A98EEB0CD977}.Debug|x86.Build.0 = Debug|Any CPU
		{7330720C-C3E5-4550-893B-A98EEB0CD977}.Release|Any CPU.ActiveCfg = Release|Any CPU
		{7330720C-C3E5-4550-893B-A98EEB0CD977}.Release|Any CPU.Build.0 = Release|Any CPU
		{7330720C-C3E5-4550-893B-A98EEB0CD977}.Release|ARM.ActiveCfg = Release|Any CPU
		{7330720C-C3E5-4550-893B-A98EEB0CD977}.Release|ARM.Build.0 = Release|Any CPU
		{7330720C-C3E5-4550-893B-A98EEB0CD977}.Release|x64.ActiveCfg = Release|Any CPU
		{7330720C-C3E5-4550-893B-A98EEB0CD977}.Release|x64.Build.0 = Release|Any CPU
		{7330720C-C3E5-4550-893B-A98EEB0CD977}.Release|x86.ActiveCfg = Release|Any CPU
		{7330720C-C3E5-4550-893B-A98EEB0CD977}.Release|x86.Build.0 = Release|Any CPU
		{F4F03584-12DF-4BD1-BD94-4E38B392388F}.Debug|Any CPU.ActiveCfg = Debug|Any CPU
		{F4F03584-12DF-4BD1-BD94-4E38B392388F}.Debug|Any CPU.Build.0 = Debug|Any CPU
		{F4F03584-12DF-4BD1-BD94-4E38B392388F}.Debug|ARM.ActiveCfg = Debug|Any CPU
		{F4F03584-12DF-4BD1-BD94-4E38B392388F}.Debug|ARM.Build.0 = Debug|Any CPU
		{F4F03584-12DF-4BD1-BD94-4E38B392388F}.Debug|x64.ActiveCfg = Debug|Any CPU
		{F4F03584-12DF-4BD1-BD94-4E38B392388F}.Debug|x64.Build.0 = Debug|Any CPU
		{F4F03584-12DF-4BD1-BD94-4E38B392388F}.Debug|x86.ActiveCfg = Debug|Any CPU
		{F4F03584-12DF-4BD1-BD94-4E38B392388F}.Debug|x86.Build.0 = Debug|Any CPU
		{F4F03584-12DF-4BD1-BD94-4E38B392388F}.Release|Any CPU.ActiveCfg = Release|Any CPU
		{F4F03584-12DF-4BD1-BD94-4E38B392388F}.Release|Any CPU.Build.0 = Release|Any CPU
		{F4F03584-12DF-4BD1-BD94-4E38B392388F}.Release|ARM.ActiveCfg = Release|Any CPU
		{F4F03584-12DF-4BD1-BD94-4E38B392388F}.Release|ARM.Build.0 = Release|Any CPU
		{F4F03584-12DF-4BD1-BD94-4E38B392388F}.Release|x64.ActiveCfg = Release|Any CPU
		{F4F03584-12DF-4BD1-BD94-4E38B392388F}.Release|x64.Build.0 = Release|Any CPU
		{F4F03584-12DF-4BD1-BD94-4E38B392388F}.Release|x86.ActiveCfg = Release|Any CPU
		{F4F03584-12DF-4BD1-BD94-4E38B392388F}.Release|x86.Build.0 = Release|Any CPU
		{E7AA0082-F4A1-4BDA-9410-78E6A9350702}.Debug|Any CPU.ActiveCfg = Debug|Any CPU
		{E7AA0082-F4A1-4BDA-9410-78E6A9350702}.Debug|Any CPU.Build.0 = Debug|Any CPU
		{E7AA0082-F4A1-4BDA-9410-78E6A9350702}.Debug|ARM.ActiveCfg = Debug|Any CPU
		{E7AA0082-F4A1-4BDA-9410-78E6A9350702}.Debug|ARM.Build.0 = Debug|Any CPU
		{E7AA0082-F4A1-4BDA-9410-78E6A9350702}.Debug|x64.ActiveCfg = Debug|Any CPU
		{E7AA0082-F4A1-4BDA-9410-78E6A9350702}.Debug|x64.Build.0 = Debug|Any CPU
		{E7AA0082-F4A1-4BDA-9410-78E6A9350702}.Debug|x86.ActiveCfg = Debug|Any CPU
		{E7AA0082-F4A1-4BDA-9410-78E6A9350702}.Debug|x86.Build.0 = Debug|Any CPU
		{E7AA0082-F4A1-4BDA-9410-78E6A9350702}.Release|Any CPU.ActiveCfg = Release|Any CPU
		{E7AA0082-F4A1-4BDA-9410-78E6A9350702}.Release|Any CPU.Build.0 = Release|Any CPU
		{E7AA0082-F4A1-4BDA-9410-78E6A9350702}.Release|ARM.ActiveCfg = Release|Any CPU
		{E7AA0082-F4A1-4BDA-9410-78E6A9350702}.Release|ARM.Build.0 = Release|Any CPU
		{E7AA0082-F4A1-4BDA-9410-78E6A9350702}.Release|x64.ActiveCfg = Release|Any CPU
		{E7AA0082-F4A1-4BDA-9410-78E6A9350702}.Release|x64.Build.0 = Release|Any CPU
		{E7AA0082-F4A1-4BDA-9410-78E6A9350702}.Release|x86.ActiveCfg = Release|Any CPU
		{E7AA0082-F4A1-4BDA-9410-78E6A9350702}.Release|x86.Build.0 = Release|Any CPU
		{BDF23E8B-4C50-4D0A-993A-A354A5B6B094}.Debug|Any CPU.ActiveCfg = Debug|Any CPU
		{BDF23E8B-4C50-4D0A-993A-A354A5B6B094}.Debug|Any CPU.Build.0 = Debug|Any CPU
		{BDF23E8B-4C50-4D0A-993A-A354A5B6B094}.Debug|ARM.ActiveCfg = Debug|Any CPU
		{BDF23E8B-4C50-4D0A-993A-A354A5B6B094}.Debug|ARM.Build.0 = Debug|Any CPU
		{BDF23E8B-4C50-4D0A-993A-A354A5B6B094}.Debug|x64.ActiveCfg = Debug|Any CPU
		{BDF23E8B-4C50-4D0A-993A-A354A5B6B094}.Debug|x64.Build.0 = Debug|Any CPU
		{BDF23E8B-4C50-4D0A-993A-A354A5B6B094}.Debug|x86.ActiveCfg = Debug|Any CPU
		{BDF23E8B-4C50-4D0A-993A-A354A5B6B094}.Debug|x86.Build.0 = Debug|Any CPU
		{BDF23E8B-4C50-4D0A-993A-A354A5B6B094}.Release|Any CPU.ActiveCfg = Release|Any CPU
		{BDF23E8B-4C50-4D0A-993A-A354A5B6B094}.Release|Any CPU.Build.0 = Release|Any CPU
		{BDF23E8B-4C50-4D0A-993A-A354A5B6B094}.Release|ARM.ActiveCfg = Release|Any CPU
		{BDF23E8B-4C50-4D0A-993A-A354A5B6B094}.Release|ARM.Build.0 = Release|Any CPU
		{BDF23E8B-4C50-4D0A-993A-A354A5B6B094}.Release|x64.ActiveCfg = Release|Any CPU
		{BDF23E8B-4C50-4D0A-993A-A354A5B6B094}.Release|x64.Build.0 = Release|Any CPU
		{BDF23E8B-4C50-4D0A-993A-A354A5B6B094}.Release|x86.ActiveCfg = Release|Any CPU
		{BDF23E8B-4C50-4D0A-993A-A354A5B6B094}.Release|x86.Build.0 = Release|Any CPU
		{40B572EC-5E1F-4432-922A-31474AAE2319}.Debug|Any CPU.ActiveCfg = Debug|Any CPU
		{40B572EC-5E1F-4432-922A-31474AAE2319}.Debug|Any CPU.Build.0 = Debug|Any CPU
		{40B572EC-5E1F-4432-922A-31474AAE2319}.Debug|ARM.ActiveCfg = Debug|Any CPU
		{40B572EC-5E1F-4432-922A-31474AAE2319}.Debug|ARM.Build.0 = Debug|Any CPU
		{40B572EC-5E1F-4432-922A-31474AAE2319}.Debug|x64.ActiveCfg = Debug|Any CPU
		{40B572EC-5E1F-4432-922A-31474AAE2319}.Debug|x64.Build.0 = Debug|Any CPU
		{40B572EC-5E1F-4432-922A-31474AAE2319}.Debug|x86.ActiveCfg = Debug|Any CPU
		{40B572EC-5E1F-4432-922A-31474AAE2319}.Debug|x86.Build.0 = Debug|Any CPU
		{40B572EC-5E1F-4432-922A-31474AAE2319}.Release|Any CPU.ActiveCfg = Release|Any CPU
		{40B572EC-5E1F-4432-922A-31474AAE2319}.Release|Any CPU.Build.0 = Release|Any CPU
		{40B572EC-5E1F-4432-922A-31474AAE2319}.Release|ARM.ActiveCfg = Release|Any CPU
		{40B572EC-5E1F-4432-922A-31474AAE2319}.Release|ARM.Build.0 = Release|Any CPU
		{40B572EC-5E1F-4432-922A-31474AAE2319}.Release|x64.ActiveCfg = Release|Any CPU
		{40B572EC-5E1F-4432-922A-31474AAE2319}.Release|x64.Build.0 = Release|Any CPU
		{40B572EC-5E1F-4432-922A-31474AAE2319}.Release|x86.ActiveCfg = Release|Any CPU
		{40B572EC-5E1F-4432-922A-31474AAE2319}.Release|x86.Build.0 = Release|Any CPU
		{A16C7678-6D6F-43B2-9DFC-1B0875593514}.Debug|Any CPU.ActiveCfg = Debug|Any CPU
		{A16C7678-6D6F-43B2-9DFC-1B0875593514}.Debug|Any CPU.Build.0 = Debug|Any CPU
		{A16C7678-6D6F-43B2-9DFC-1B0875593514}.Debug|ARM.ActiveCfg = Debug|Any CPU
		{A16C7678-6D6F-43B2-9DFC-1B0875593514}.Debug|ARM.Build.0 = Debug|Any CPU
		{A16C7678-6D6F-43B2-9DFC-1B0875593514}.Debug|x64.ActiveCfg = Debug|Any CPU
		{A16C7678-6D6F-43B2-9DFC-1B0875593514}.Debug|x64.Build.0 = Debug|Any CPU
		{A16C7678-6D6F-43B2-9DFC-1B0875593514}.Debug|x86.ActiveCfg = Debug|Any CPU
		{A16C7678-6D6F-43B2-9DFC-1B0875593514}.Debug|x86.Build.0 = Debug|Any CPU
		{A16C7678-6D6F-43B2-9DFC-1B0875593514}.Release|Any CPU.ActiveCfg = Release|Any CPU
		{A16C7678-6D6F-43B2-9DFC-1B0875593514}.Release|Any CPU.Build.0 = Release|Any CPU
		{A16C7678-6D6F-43B2-9DFC-1B0875593514}.Release|ARM.ActiveCfg = Release|Any CPU
		{A16C7678-6D6F-43B2-9DFC-1B0875593514}.Release|ARM.Build.0 = Release|Any CPU
		{A16C7678-6D6F-43B2-9DFC-1B0875593514}.Release|x64.ActiveCfg = Release|Any CPU
		{A16C7678-6D6F-43B2-9DFC-1B0875593514}.Release|x64.Build.0 = Release|Any CPU
		{A16C7678-6D6F-43B2-9DFC-1B0875593514}.Release|x86.ActiveCfg = Release|Any CPU
		{A16C7678-6D6F-43B2-9DFC-1B0875593514}.Release|x86.Build.0 = Release|Any CPU
	EndGlobalSection
	GlobalSection(SolutionProperties) = preSolution
		HideSolutionNode = FALSE
	EndGlobalSection
	GlobalSection(NestedProjects) = preSolution
		{CF7F636E-1C2A-4786-8AEE-FA0E60ABB6CD} = {275DF0BB-0084-4155-B4E8-2E8AC1FAD2BC}
		{EFCCC826-99AD-42D0-ABCC-8BB56DFFE5BB} = {275DF0BB-0084-4155-B4E8-2E8AC1FAD2BC}
		{E9B34FFA-ED31-42CB-8657-6E9C201D54B2} = {8CD32653-0B19-4B42-9BC0-5A4363D04704}
		{F4B39996-97CC-4530-8895-A0A883E92E4C} = {7D58765F-9AE6-4066-B9FB-54EE8EFB394B}
		{A1DE0E7A-D7F4-422F-BC7C-D96B63EC72F6} = {8CD32653-0B19-4B42-9BC0-5A4363D04704}
		{7330720C-C3E5-4550-893B-A98EEB0CD977} = {A1DE0E7A-D7F4-422F-BC7C-D96B63EC72F6}
		{6084D796-24F5-4D5D-AED0-E32E7BE9776B} = {8CD32653-0B19-4B42-9BC0-5A4363D04704}
		{7D58765F-9AE6-4066-B9FB-54EE8EFB394B} = {6084D796-24F5-4D5D-AED0-E32E7BE9776B}
		{F5DAD7A2-40A9-40E6-B273-7C634582D735} = {8CD32653-0B19-4B42-9BC0-5A4363D04704}
		{F4F03584-12DF-4BD1-BD94-4E38B392388F} = {F5DAD7A2-40A9-40E6-B273-7C634582D735}
		{E7AA0082-F4A1-4BDA-9410-78E6A9350702} = {6084D796-24F5-4D5D-AED0-E32E7BE9776B}
		{BDF23E8B-4C50-4D0A-993A-A354A5B6B094} = {A1DE0E7A-D7F4-422F-BC7C-D96B63EC72F6}
		{40B572EC-5E1F-4432-922A-31474AAE2319} = {6084D796-24F5-4D5D-AED0-E32E7BE9776B}
		{A50ECD75-D68B-4739-9330-45626E1E85E8} = {8CD32653-0B19-4B42-9BC0-5A4363D04704}
		{A16C7678-6D6F-43B2-9DFC-1B0875593514} = {A50ECD75-D68B-4739-9330-45626E1E85E8}
	EndGlobalSection
	GlobalSection(ExtensibilityGlobals) = postSolution
		SolutionGuid = {0AFD0A9C-B053-4CE0-8907-9D0320E02836}
	EndGlobalSection
EndGlobal
